{
  "name": "intelli-buddy",
  "version": "1.0.0",
  "lockfileVersion": 3,
  "requires": true,
  "packages": {
    "": {
      "name": "intelli-buddy",
      "version": "1.0.0",
      "license": "MIT",
      "dependencies": {
        "handlebars": "4.7.6",
        "handlebars-async-helpers": "1.0.6"
      },
      "devDependencies": {
        "@types/node": "20.4.9",
        "typescript": "5.1.6"
      },
      "peerDependencies": {
        "tslib": "2.6.1"
      }
    },
    "node_modules/@types/node": {
      "version": "20.4.9",
      "resolved": "https://npm.yandex-team.ru/@types%2fnode/-/node-20.4.9.tgz?rbtorrent=25ba7c16f8169a4e97f9581f14c19ce687002136",
      "integrity": "sha512-8e2HYcg7ohnTUbHk8focoklEQYvemQmu9M/f43DZVx43kHn0tE3BY/6gSDxS7k0SprtS0NHvj+L80cGLnoOUcQ==",
      "dev": true,
      "license": "MIT"
    },
    "node_modules/handlebars": {
      "version": "4.7.6",
      "resolved": "https://npm.yandex-team.ru/handlebars/-/handlebars-4.7.6.tgz?rbtorrent=57341cfe249a9daad9d8a425512c3687a8cccf1d",
      "integrity": "sha512-1f2BACcBfiwAfStCKZNrUCgqNZkGsAT7UM3kkYtXuLo0KnaVfjKOyf7PRzB6++aK9STyT1Pd2ZCPe3EGOXleXA==",
      "license": "MIT",
      "dependencies": {
        "minimist": "^1.2.5",
        "neo-async": "^2.6.0",
        "source-map": "^0.6.1",
        "wordwrap": "^1.0.0"
      },
      "bin": {
        "handlebars": "bin/handlebars"
      },
      "engines": {
        "node": ">=0.4.7"
      },
      "optionalDependencies": {
        "uglify-js": "^3.1.4"
      }
    },
    "node_modules/handlebars-async-helpers": {
      "version": "1.0.6",
      "resolved": "https://npm.yandex-team.ru/handlebars-async-helpers/-/handlebars-async-helpers-1.0.6.tgz?rbtorrent=aff04d805410b0416d61259b2fee7d3a65020b55",
      "integrity": "sha512-rZd4aNoQQlGBx94TF+jA7a+YKaB0IAFINH5QYBEdd7s7paOvG3ouALGKo2cK7u4Qncy+/fntR1bU3LOiq43WTg==",
      "license": "MIT",
      "peerDependencies": {
        "handlebars": "4.7.6"
      }
    },
    "node_modules/minimist": {
      "version": "1.2.8",
      "resolved": "https://npm.yandex-team.ru/minimist/-/minimist-1.2.8.tgz?rbtorrent=37c3ed4ebd14901a5c1e7666131bdfedac287a16",
      "integrity": "sha512-2yyAR8qBkN3YuheJanUpWC5U3bb5osDywNB8RzDVlDwDHbocAJveqqj1u8+SVD7jkWT4yvsHCpWqqWqAxb0zCA==",
      "license": "MIT",
      "funding": {
        "url": "https://github.com/sponsors/ljharb"
      }
    },
    "node_modules/neo-async": {
      "version": "2.6.2",
      "resolved": "https://npm.yandex-team.ru/neo-async/-/neo-async-2.6.2.tgz?rbtorrent=639a463a6ce562df838872ae1a02a3351329f250",
      "integrity": "sha512-Yd3UES5mWCSqR+qNT93S3UoYUkqAZ9lLg8a7g9rimsWmYGK8cVToA4/sF3RrshdyV3sAGMXVUmpMYOw+dLpOuw==",
      "license": "MIT"
    },
    "node_modules/source-map": {
      "version": "0.6.1",
      "resolved": "https://npm.yandex-team.ru/source-map/-/source-map-0.6.1.tgz?rbtorrent=f8ee5e6ee3b6e7c3ad66deeedb1d015a07ddfc05",
      "integrity": "sha512-UjgapumWlbMhkBgzT7Ykc5YXUT46F0iKu8SGXq0bcwP5dz/h0Plj6enJqjz1Zbq2l5WaqYnrVbwWOWMyF3F47g==",
      "license": "BSD-3-Clause",
      "engines": {
        "node": ">=0.10.0"
      }
    },
    "node_modules/tslib": {
      "version": "2.6.1",
      "resolved": "https://npm.yandex-team.ru/tslib/-/tslib-2.6.1.tgz?rbtorrent=0c274915f2d2e45b38d4869bf6ddb829fb8592b2",
      "integrity": "sha512-t0hLfiEKfMUoqhG+U1oid7Pva4bbDPHYfJNiB7BiIjRkj1pyC++4N3huJfqY6aRH6VTB0rvtzQwjM4K6qpfOig==",
      "license": "0BSD",
      "peer": true
    },
    "node_modules/typescript": {
      "version": "5.1.6",
      "resolved": "https://npm.yandex-team.ru/typescript/-/typescript-5.1.6.tgz?rbtorrent=2f65253a6ccb6375ea93b76cafeb5d8f31e990b8",
      "integrity": "sha512-zaWCozRZ6DLEWAWFrVDz1H6FVXzUSfTy5FUMWsQlU8Ym5JP9eO4xkTIROFCQvhQf61z6O/G6ugw3SgAnvvm+HA==",
      "dev": true,
      "license": "Apache-2.0",
      "bin": {
        "tsc": "bin/tsc",
        "tsserver": "bin/tsserver"
      },
      "engines": {
        "node": ">=14.17"
      }
    },
    "node_modules/uglify-js": {
      "version": "3.17.4",
      "resolved": "https://npm.yandex-team.ru/uglify-js/-/uglify-js-3.17.4.tgz?rbtorrent=1f78de702e9302ea9af751553e2ebc2eb611be7f",
      "integrity": "sha512-T9q82TJI9e/C1TAxYvfb16xO120tMVFZrGA3f9/P4424DNu6ypK103y0GPFVa17yotwSyZW5iYXgjYHkGrJW/g==",
      "license": "BSD-2-Clause",
      "optional": true,
      "bin": {
        "uglifyjs": "bin/uglifyjs"
      },
      "engines": {
        "node": ">=0.8.0"
      }
    },
    "node_modules/wordwrap": {
      "version": "1.0.0",
      "resolved": "https://npm.yandex-team.ru/wordwrap/-/wordwrap-1.0.0.tgz?rbtorrent=258d90d1eeb9df8109718f7f42363698e866c567",
      "integrity": "sha1-J1hIEIkUVqQXHI0CJkQa3pDLyus=",
      "license": "MIT"
    }
  }
}
